
Microsoft Visual Studio Solution File, Format Version 12.00
# Visual Studio Version 17
VisualStudioVersion = 17.11.35208.52
MinimumVisualStudioVersion = 10.0.40219.1
Project("{FAE04EC0-301F-11D3-BF4B-00C04F79EFBC}") = "MyTasks", "MyTasks\MyTasks.csproj", "{D5AA0887-A915-4745-B25F-132E1D10A5B2}"
EndProject
Global
	GlobalSection(SolutionConfigurationPlatforms) = preSolution
		Debug|Any CPU = Debug|Any CPU
		Release|Any CPU = Release|Any CPU
	EndGlobalSection
	GlobalSection(ProjectConfigurationPlatforms) = postSolution
		{D5AA0887-A915-4745-B25F-132E1D10A5B2}.Debug|Any CPU.ActiveCfg = Debug|Any CPU
		{D5AA0887-A915-4745-B25F-132E1D10A5B2}.Debug|Any CPU.Build.0 = Debug|Any CPU
		{D5AA0887-A915-4745-B25F-132E1D10A5B2}.Release|Any CPU.ActiveCfg = Release|Any CPU
		{D5AA0887-A915-4745-B25F-132E1D10A5B2}.Release|Any CPU.Build.0 = Release|Any CPU
	EndGlobalSection
	GlobalSection(SolutionProperties) = preSolution
		HideSolutionNode = FALSE
	EndGlobalSection
	GlobalSection(ExtensibilityGlobals) = postSolution
		SolutionGuid = {7AF927C0-710C-40CF-9066-5FBB960D3880}
	EndGlobalSection
EndGlobal
